// !$*UTF8*$!
{
	archiveVersion = 1;
	classes = {
	};
	objectVersion = 46;
	objects = {

/* Begin PBXBuildFile section */
		CB7A755D1EB7A41900EB3E8C /* AppDelegate.swift in Sources */ = {isa = PBXBuildFile; fileRef = CB7A755C1EB7A41900EB3E8C /* AppDelegate.swift */; };
		CB7A755F1EB7A41900EB3E8C /* ViewController.swift in Sources */ = {isa = PBXBuildFile; fileRef = CB7A755E1EB7A41900EB3E8C /* ViewController.swift */; };
		CB7A75621EB7A41900EB3E8C /* Main.storyboard in Resources */ = {isa = PBXBuildFile; fileRef = CB7A75601EB7A41900EB3E8C /* Main.storyboard */; };
		CB7A75641EB7A41900EB3E8C /* Assets.xcassets in Resources */ = {isa = PBXBuildFile; fileRef = CB7A75631EB7A41900EB3E8C /* Assets.xcassets */; };
		CB7A75671EB7A41900EB3E8C /* LaunchScreen.storyboard in Resources */ = {isa = PBXBuildFile; fileRef = CB7A75651EB7A41900EB3E8C /* LaunchScreen.storyboard */; };
/* End PBXBuildFile section */

/* Begin PBXFileReference section */
		CB7A75591EB7A41900EB3E8C /* ChatApplication.app */ = {isa = PBXFileReference; explicitFileType = wrapper.application; includeInIndex = 0; path = ChatApplication.app; sourceTree = BUILT_PRODUCTS_DIR; };
		CB7A755C1EB7A41900EB3E8C /* AppDelegate.swift */ = {isa = PBXFileReference; lastKnownFileType = sourcecode.swift; path = AppDelegate.swift; sourceTree = "<group>"; };
		CB7A755E1EB7A41900EB3E8C /* ViewController.swift */ = {isa = PBXFileReference; lastKnownFileType = sourcecode.swift; path = ViewController.swift; sourceTree = "<group>"; };
		CB7A75611EB7A41900EB3E8C /* Base */ = {isa = PBXFileReference; lastKnownFileType = file.storyboard; name = Base; path = Base.lproj/Main.storyboard; sourceTree = "<group>"; };
		CB7A75631EB7A41900EB3E8C /* Assets.xcassets */ = {isa = PBXFileReference; lastKnownFileType = folder.assetcatalog; path = Assets.xcassets; sourceTree = "<group>"; };
		CB7A75661EB7A41900EB3E8C /* Base */ = {isa = PBXFileReference; lastKnownFileType = file.storyboard; name = Base; path = Base.lproj/LaunchScreen.storyboard; sourceTree = "<group>"; };
		CB7A75681EB7A41900EB3E8C /* Info.plist */ = {isa = PBXFileReference; lastKnownFileType = text.plist.xml; path = Info.plist; sourceTree = "<group>"; };
/* End PBXFileReference section */

/* Begin PBXFrameworksBuildPhase section */
		CB7A75561EB7A41900EB3E8C /* Frameworks */ = {
			isa = PBXFrameworksBuildPhase;
			buildActionMask = 2147483647;
			files = (
			);
			runOnlyForDeploymentPostprocessing = 0;
		};
/* End PBXFrameworksBuildPhase section */

/* Begin PBXGroup section */
		CB7A75501EB7A41900EB3E8C = {
			isa = PBXGroup;
			children = (
				CB7A755B1EB7A41900EB3E8C /* ChatApplication */,
				CB7A755A1EB7A41900EB3E8C /* Products */,
			);
			sourceTree = "<group>";
		};
		CB7A755A1EB7A41900EB3E8C /* Products */ = {
			isa = PBXGroup;
			children = (
				CB7A75591EB7A41900EB3E8C /* ChatApplication.app */,
			);
			name = Products;
			sourceTree = "<group>";
		};
		CB7A755B1EB7A41900EB3E8C /* ChatApplication */ = {
			isa = PBXGroup;
			children = (
				CB7A755C1EB7A41900EB3E8C /* AppDelegate.swift */,
				CB7A755E1EB7A41900EB3E8C /* ViewController.swift */,
				CB7A75601EB7A41900EB3E8C /* Main.storyboard */,
				CB7A75631EB7A41900EB3E8C /* Assets.xcassets */,
				CB7A75651EB7A41900EB3E8C /* LaunchScreen.storyboard */,
				CB7A75681EB7A41900EB3E8C /* Info.plist */,
			);
			path = ChatApplication;
			sourceTree = "<group>";
		};
/* End PBXGroup section */

/* Begin PBXNativeTarget section */
		CB7A75581EB7A41900EB3E8C /* ChatApplication */ = {
			isa = PBXNativeTarget;
			buildConfigurationList = CB7A756B1EB7A41900EB3E8C /* Build configuration list for PBXNativeTarget "ChatApplication" */;
			buildPhases = (
				CB7A75551EB7A41900EB3E8C /* Sources */,
				CB7A75561EB7A41900EB3E8C /* Frameworks */,
				CB7A75571EB7A41900EB3E8C /* Resources */,
			);
			buildRules = (
			);
			dependencies = (
			);
			name = ChatApplication;
			productName = ChatApplication;
			productReference = CB7A75591EB7A41900EB3E8C /* ChatApplication.app */;
			productType = "com.apple.product-type.application";
		};
/* End PBXNativeTarget section */

/* Begin PBXProject section */
		CB7A75511EB7A41900EB3E8C /* Project object */ = {
			isa = PBXProject;
			attributes = {
				LastSwiftUpdateCheck = 0830;
				LastUpgradeCheck = 0830;
				ORGANIZATIONNAME = "C-LongDev";
				TargetAttributes = {
					CB7A75581EB7A41900EB3E8C = {
						CreatedOnToolsVersion = 8.3.2;
						DevelopmentTeam = 6H5NP2X2HD;
						ProvisioningStyle = Automatic;
					};
				};
			};
			buildConfigurationList = CB7A75541EB7A41900EB3E8C /* Build configuration list for PBXProject "ChatApplication" */;
			compatibilityVersion = "Xcode 3.2";
			developmentRegion = English;
			hasScannedForEncodings = 0;
			knownRegions = (
				en,
				Base,
			);
			mainGroup = CB7A75501EB7A41900EB3E8C;
			productRefGroup = CB7A755A1EB7A41900EB3E8C /* Products */;
			projectDirPath = "";
			projectRoot = "";
			targets = (
				CB7A75581EB7A41900EB3E8C /* ChatApplication */,
			);
		};
/* End PBXProject section */

/* Begin PBXResourcesBuildPhase section */
		CB7A75571EB7A41900EB3E8C /* Resources */ = {
			isa = PBXResourcesBuildPhase;
			buildActionMask = 2147483647;
			files = (
				CB7A75671EB7A41900EB3E8C /* LaunchScreen.storyboard in Resources */,
				CB7A75641EB7A41900EB3E8C /* Assets.xcassets in Resources */,
				CB7A75621EB7A41900EB3E8C /* Main.storyboard in Resources */,
			);
			runOnlyForDeploymentPostprocessing = 0;
		};
/* End PBXResourcesBuildPhase section */

/* Begin PBXSourcesBuildPhase section */
		CB7A75551EB7A41900EB3E8C /* Sources */ = {
			isa = PBXSourcesBuildPhase;
			buildActionMask = 2147483647;
			files = (
				CB7A755F1EB7A41900EB3E8C /* ViewController.swift in Sources */,
				CB7A755D1EB7A41900EB3E8C /* AppDelegate.swift in Sources */,
			);
			runOnlyForDeploymentPostprocessing = 0;
		};
/* End PBXSourcesBuildPhase section */

/* Begin PBXVariantGroup section */
		CB7A75601EB7A41900EB3E8C /* Main.storyboard */ = {
			isa = PBXVariantGroup;
			children = (
				CB7A75611EB7A41900EB3E8C /* Base */,
			);
			name = Main.storyboard;
			sourceTree = "<group>";
		};
		CB7A75651EB7A41900EB3E8C /* LaunchScreen.storyboard */ = {
			isa = PBXVariantGroup;
			children = (
				CB7A75661EB7A41900EB3E8C /* Base */,
			);
			name = LaunchScreen.storyboard;
			sourceTree = "<group>";
		};
/* End PBXVariantGroup section */

/* Begin XCBuildConfiguration section */
		CB7A75691EB7A41900EB3E8C /* Debug */ = {
			isa = XCBuildConfiguration;
			buildSettings = {
				ALWAYS_SEARCH_USER_PATHS = NO;
				CLANG_ANALYZER_NONNULL = YES;
				CLANG_ANALYZER_NUMBER_OBJECT_CONVERSION = YES_AGGRESSIVE;
				CLANG_CXX_LANGUAGE_STANDARD = "gnu++0x";
				CLANG_CXX_LIBRARY = "libc++";
				CLANG_ENABLE_MODULES = YES;
				CLANG_ENABLE_OBJC_ARC = YES;
				CLANG_WARN_BOOL_CONVERSION = YES;
				CLANG_WARN_CONSTANT_CONVERSION = YES;
				CLANG_WARN_DIRECT_OBJC_ISA_USAGE = YES_ERROR;
				CLANG_WARN_DOCUMENTATION_COMMENTS = YES;
				CLANG_WARN_EMPTY_BODY = YES;
				CLANG_WARN_ENUM_CONVERSION = YES;
				CLANG_WARN_INFINITE_RECURSION = YES;
				CLANG_WARN_INT_CONVERSION = YES;
				CLANG_WARN_OBJC_ROOT_CLASS = YES_ERROR;
				CLANG_WARN_SUSPICIOUS_MOVE = YES;
				CLANG_WARN_UNREACHABLE_CODE = YES;
				CLANG_WARN__DUPLICATE_METHOD_MATCH = YES;
				"CODE_SIGN_IDENTITY[sdk=iphoneos*]" = "iPhone Developer";
				COPY_PHASE_STRIP = NO;
				DEBUG_INFORMATION_FORMAT = dwarf;
				ENABLE_STRICT_OBJC_MSGSEND = YES;
				ENABLE_TESTABILITY = YES;
				GCC_C_LANGUAGE_STANDARD = gnu99;
				GCC_DYNAMIC_NO_PIC = NO;
				GCC_NO_COMMON_BLOCKS = YES;
				GCC_OPTIMIZATION_LEVEL = 0;
				GCC_PREPROCESSOR_DEFINITIONS = (
					"DEBUG=1",
					"$(inherited)",
				);
				GCC_WARN_64_TO_32_BIT_CONVERSION = YES;
				GCC_WARN_ABOUT_RETURN_TYPE = YES_ERROR;
				GCC_WARN_UNDECLARED_SELECTOR = YES;
				GCC_WARN_UNINITIALIZED_AUTOS = YES_AGGRESSIVE;
				GCC_WARN_UNUSED_FUNCTION = YES;
				GCC_WARN_UNUSED_VARIABLE = YES;
				IPHONEOS_DEPLOYMENT_TARGET = 10.3;
				MTL_ENABLE_DEBUG_INFO = YES;
				ONLY_ACTIVE_ARCH = YES;
				SDKROOT = iphoneos;
				SWIFT_ACTIVE_COMPILATION_CONDITIONS = DEBUG;
				SWIFT_OPTIMIZATION_LEVEL = "-Onone";
				TARGETED_DEVICE_FAMILY = "1,2";
			};
			name = Debug;
		};
		CB7A756A1EB7A41900EB3E8C /* Release */ = {
			isa = XCBuildConfiguration;
			buildSettings = {
				ALWAYS_SEARCH_USER_PATHS = NO;
				CLANG_ANALYZER_NONNULL = YES;
				CLANG_ANALYZER_NUMBER_OBJECT_CONVERSION = YES_AGGRESSIVE;
				CLANG_CXX_LANGUAGE_STANDARD = "gnu++0x";
				CLANG_CXX_LIBRARY = "libc++";
				CLANG_ENABLE_MODULES = YES;
				CLANG_ENABLE_OBJC_ARC = YES;
				CLANG_WARN_BOOL_CONVERSION = YES;
				CLANG_WARN_CONSTANT_CONVERSION = YES;
				CLANG_WARN_DIRECT_OBJC_ISA_USAGE = YES_ERROR;
				CLANG_WARN_DOCUMENTATION_COMMENTS = YES;
				CLANG_WARN_EMPTY_BODY = YES;
				CLANG_WARN_ENUM_CONVERSION = YES;
				CLANG_WARN_INFINITE_RECURSION = YES;
				CLANG_WARN_INT_CONVERSION = YES;
				CLANG_WARN_OBJC_ROOT_CLASS = YES_ERROR;
				CLANG_WARN_SUSPICIOUS_MOVE = YES;
				CLANG_WARN_UNREACHABLE_CODE = YES;
				CLANG_WARN__DUPLICATE_METHOD_MATCH = YES;
				"CODE_SIGN_IDENTITY[sdk=iphoneos*]" = "iPhone Developer";
				COPY_PHASE_STRIP = NO;
				DEBUG_INFORMATION_FORMAT = "dwarf-with-dsym";
				ENABLE_NS_ASSERTIONS = NO;
				ENABLE_STRICT_OBJC_MSGSEND = YES;
				GCC_C_LANGUAGE_STANDARD = gnu99;
				GCC_NO_COMMON_BLOCKS = YES;
				GCC_WARN_64_TO_32_BIT_CONVERSION = YES;
				GCC_WARN_ABOUT_RETURN_TYPE = YES_ERROR;
				GCC_WARN_UNDECLARED_SELECTOR = YES;
				GCC_WARN_UNINITIALIZED_AUTOS = YES_AGGRESSIVE;
				GCC_WARN_UNUSED_FUNCTION = YES;
				GCC_WARN_UNUSED_VARIABLE = YES;
				IPHONEOS_DEPLOYMENT_TARGET = 10.3;
				MTL_ENABLE_DEBUG_INFO = NO;
				SDKROOT = iphoneos;
				SWIFT_OPTIMIZATION_LEVEL = "-Owholemodule";
				TARGETED_DEVICE_FAMILY = "1,2";
				VALIDATE_PRODUCT = YES;
			};
			name = Release;
		};
		CB7A756C1EB7A41900EB3E8C /* Debug */ = {
			isa = XCBuildConfiguration;
			buildSettings = {
				ASSETCATALOG_COMPILER_APPICON_NAME = AppIcon;
				DEVELOPMENT_TEAM = 6H5NP2X2HD;
				INFOPLIST_FILE = ChatApplication/Info.plist;
				LD_RUNPATH_SEARCH_PATHS = "$(inherited) @executable_path/Frameworks";
				PRODUCT_BUNDLE_IDENTIFIER = chandlerlong.ChatApplication;
				PRODUCT_NAME = "$(TARGET_NAME)";
				SWIFT_VERSION = 3.0;
			};
			name = Debug;
		};
		CB7A756D1EB7A41900EB3E8C /* Release */ = {
			isa = XCBuildConfiguration;
			buildSettings = {
				ASSETCATALOG_COMPILER_APPICON_NAME = AppIcon;
				DEVELOPMENT_TEAM = 6H5NP2X2HD;
				INFOPLIST_FILE = ChatApplication/Info.plist;
				LD_RUNPATH_SEARCH_PATHS = "$(inherited) @executable_path/Frameworks";
				PRODUCT_BUNDLE_IDENTIFIER = chandlerlong.ChatApplication;
				PRODUCT_NAME = "$(TARGET_NAME)";
				SWIFT_VERSION = 3.0;
			};
			name = Release;
		};
/* End XCBuildConfiguration section */

/* Begin XCConfigurationList section */
		CB7A75541EB7A41900EB3E8C /* Build configuration list for PBXProject "ChatApplication" */ = {
			isa = XCConfigurationList;
			buildConfigurations = (
				CB7A75691EB7A41900EB3E8C /* Debug */,
				CB7A756A1EB7A41900EB3E8C /* Release */,
			);
			defaultConfigurationIsVisible = 0;
			defaultConfigurationName = Release;
		};
		CB7A756B1EB7A41900EB3E8C /* Build configuration list for PBXNativeTarget "ChatApplication" */ = {
			isa = XCConfigurationList;
			buildConfigurations = (
				CB7A756C1EB7A41900EB3E8C /* Debug */,
				CB7A756D1EB7A41900EB3E8C /* Release */,
			);
			defaultConfigurationIsVisible = 0;
		};
/* End XCConfigurationList section */
	};
	rootObject = CB7A75511EB7A41900EB3E8C /* Project object */;
}
